
Microsoft Visual Studio Solution File, Format Version 12.00
# Visual Studio Version 16
VisualStudioVersion = 16.0.31613.86
MinimumVisualStudioVersion = 10.0.40219.1
Project("{9A19103F-16F7-4668-BE54-9A1E7A4F7556}") = "C1-BT1", "C1-BT1\C1-BT1.csproj", "{F403549F-BA4F-46A7-8B59-3115A045A314}"
EndProject
Project("{9A19103F-16F7-4668-BE54-9A1E7A4F7556}") = "C1-BT2", "C1-BT2\C1-BT2.csproj", "{81380980-DD18-40AA-92A2-E00AB20164D3}"
EndProject
Project("{9A19103F-16F7-4668-BE54-9A1E7A4F7556}") = "C1-BT3", "C1-BT3\C1-BT3.csproj", "{897BD326-C9B1-416C-8BC2-38931ED62796}"
EndProject
Project("{FAE04EC0-301F-11D3-BF4B-00C04F79EFBC}") = "C1-BT4", "C1-BT4\C1-BT4.csproj", "{BC3ED5B0-B2AA-4DB6-9F20-52AFE62F79E4}"
EndProject
Project("{FAE04EC0-301F-11D3-BF4B-00C04F79EFBC}") = "C1-BT5", "C1-BT5\C1-BT5.csproj", "{DB0B0A72-061E-4B95-A368-160B4C95C428}"
EndProject
Global
	GlobalSection(SolutionConfigurationPlatforms) = preSolution
		Debug|Any CPU = Debug|Any CPU
		Release|Any CPU = Release|Any CPU
	EndGlobalSection
	GlobalSection(ProjectConfigurationPlatforms) = postSolution
		{F403549F-BA4F-46A7-8B59-3115A045A314}.Debug|Any CPU.ActiveCfg = Debug|Any CPU
		{F403549F-BA4F-46A7-8B59-3115A045A314}.Debug|Any CPU.Build.0 = Debug|Any CPU
		{F403549F-BA4F-46A7-8B59-3115A045A314}.Release|Any CPU.ActiveCfg = Release|Any CPU
		{F403549F-BA4F-46A7-8B59-3115A045A314}.Release|Any CPU.Build.0 = Release|Any CPU
		{81380980-DD18-40AA-92A2-E00AB20164D3}.Debug|Any CPU.ActiveCfg = Debug|Any CPU
		{81380980-DD18-40AA-92A2-E00AB20164D3}.Debug|Any CPU.Build.0 = Debug|Any CPU
		{81380980-DD18-40AA-92A2-E00AB20164D3}.Release|Any CPU.ActiveCfg = Release|Any CPU
		{81380980-DD18-40AA-92A2-E00AB20164D3}.Release|Any CPU.Build.0 = Release|Any CPU
		{897BD326-C9B1-416C-8BC2-38931ED62796}.Debug|Any CPU.ActiveCfg = Debug|Any CPU
		{897BD326-C9B1-416C-8BC2-38931ED62796}.Debug|Any CPU.Build.0 = Debug|Any CPU
		{897BD326-C9B1-416C-8BC2-38931ED62796}.Release|Any CPU.ActiveCfg = Release|Any CPU
		{897BD326-C9B1-416C-8BC2-38931ED62796}.Release|Any CPU.Build.0 = Release|Any CPU
		{BC3ED5B0-B2AA-4DB6-9F20-52AFE62F79E4}.Debug|Any CPU.ActiveCfg = Debug|Any CPU
		{BC3ED5B0-B2AA-4DB6-9F20-52AFE62F79E4}.Debug|Any CPU.Build.0 = Debug|Any CPU
		{BC3ED5B0-B2AA-4DB6-9F20-52AFE62F79E4}.Release|Any CPU.ActiveCfg = Release|Any CPU
		{BC3ED5B0-B2AA-4DB6-9F20-52AFE62F79E4}.Release|Any CPU.Build.0 = Release|Any CPU
		{DB0B0A72-061E-4B95-A368-160B4C95C428}.Debug|Any CPU.ActiveCfg = Debug|Any CPU
		{DB0B0A72-061E-4B95-A368-160B4C95C428}.Debug|Any CPU.Build.0 = Debug|Any CPU
		{DB0B0A72-061E-4B95-A368-160B4C95C428}.Release|Any CPU.ActiveCfg = Release|Any CPU
		{DB0B0A72-061E-4B95-A368-160B4C95C428}.Release|Any CPU.Build.0 = Release|Any CPU
	EndGlobalSection
	GlobalSection(SolutionProperties) = preSolution
		HideSolutionNode = FALSE
	EndGlobalSection
	GlobalSection(ExtensibilityGlobals) = postSolution
		SolutionGuid = {BC4AD925-4967-4967-97FF-38ED8BD367F9}
	EndGlobalSection
EndGlobal
