
Microsoft Visual Studio Solution File, Format Version 12.00
# Visual Studio Version 16
VisualStudioVersion = 16.0.31613.86
MinimumVisualStudioVersion = 10.0.40219.1
Project("{FAE04EC0-301F-11D3-BF4B-00C04F79EFBC}") = "C1-BT1", "C1-BT1\C1-BT1.csproj", "{F403549F-BA4F-46A7-8B59-3115A045A314}"
EndProject
Global
	GlobalSection(SolutionConfigurationPlatforms) = preSolution
		Debug|Any CPU = Debug|Any CPU
		Release|Any CPU = Release|Any CPU
	EndGlobalSection
	GlobalSection(ProjectConfigurationPlatforms) = postSolution
		{F403549F-BA4F-46A7-8B59-3115A045A314}.Debug|Any CPU.ActiveCfg = Debug|Any CPU
		{F403549F-BA4F-46A7-8B59-3115A045A314}.Debug|Any CPU.Build.0 = Debug|Any CPU
		{F403549F-BA4F-46A7-8B59-3115A045A314}.Release|Any CPU.ActiveCfg = Release|Any CPU
		{F403549F-BA4F-46A7-8B59-3115A045A314}.Release|Any CPU.Build.0 = Release|Any CPU
	EndGlobalSection
	GlobalSection(SolutionProperties) = preSolution
		HideSolutionNode = FALSE
	EndGlobalSection
	GlobalSection(ExtensibilityGlobals) = postSolution
		SolutionGuid = {BC4AD925-4967-4967-97FF-38ED8BD367F9}
	EndGlobalSection
EndGlobal
