
Microsoft Visual Studio Solution File, Format Version 12.00
# Visual Studio Version 16
VisualStudioVersion = 16.0.31624.102
MinimumVisualStudioVersion = 10.0.40219.1
Project("{9A19103F-16F7-4668-BE54-9A1E7A4F7556}") = "C2bt1", "C2bt1\C2bt1.csproj", "{E19D32D4-751E-4B35-BD13-13A06E263B99}"
EndProject
Project("{9A19103F-16F7-4668-BE54-9A1E7A4F7556}") = "C2bt1.2", "C2bt1.2\C2bt1.2.csproj", "{6A2B7D4C-BE4E-4A6F-8089-E90D1A6F9A44}"
EndProject
Project("{FAE04EC0-301F-11D3-BF4B-00C04F79EFBC}") = "C2bt21", "C2bt21\C2bt21.csproj", "{1024A852-54F6-450C-92A4-1775F565D1D1}"
EndProject
Project("{FAE04EC0-301F-11D3-BF4B-00C04F79EFBC}") = "C2bt22", "C2bt22\C2bt22.csproj", "{9CAF530E-EBE3-4986-AF5F-AB738786433E}"
EndProject
Project("{FAE04EC0-301F-11D3-BF4B-00C04F79EFBC}") = "C2bt31", "C2bt31\C2bt31.csproj", "{B5FF2533-8227-4E4B-BF1F-804239C59AFA}"
EndProject
Project("{FAE04EC0-301F-11D3-BF4B-00C04F79EFBC}") = "C2bt32", "C2bt32\C2bt32.csproj", "{FCE15D49-8066-446E-99BC-5A373D6A347F}"
EndProject
Project("{FAE04EC0-301F-11D3-BF4B-00C04F79EFBC}") = "C2bt41", "C2bt41\C2bt41.csproj", "{1459A8AE-082A-4856-9AA9-DA7967139A65}"
EndProject
Project("{FAE04EC0-301F-11D3-BF4B-00C04F79EFBC}") = "C2bt42", "C2bt42\C2bt42.csproj", "{FAF3C555-575B-4010-9680-2E4DAAEF6586}"
EndProject
Global
	GlobalSection(SolutionConfigurationPlatforms) = preSolution
		Debug|Any CPU = Debug|Any CPU
		Release|Any CPU = Release|Any CPU
	EndGlobalSection
	GlobalSection(ProjectConfigurationPlatforms) = postSolution
		{E19D32D4-751E-4B35-BD13-13A06E263B99}.Debug|Any CPU.ActiveCfg = Debug|Any CPU
		{E19D32D4-751E-4B35-BD13-13A06E263B99}.Debug|Any CPU.Build.0 = Debug|Any CPU
		{E19D32D4-751E-4B35-BD13-13A06E263B99}.Release|Any CPU.ActiveCfg = Release|Any CPU
		{E19D32D4-751E-4B35-BD13-13A06E263B99}.Release|Any CPU.Build.0 = Release|Any CPU
		{6A2B7D4C-BE4E-4A6F-8089-E90D1A6F9A44}.Debug|Any CPU.ActiveCfg = Debug|Any CPU
		{6A2B7D4C-BE4E-4A6F-8089-E90D1A6F9A44}.Debug|Any CPU.Build.0 = Debug|Any CPU
		{6A2B7D4C-BE4E-4A6F-8089-E90D1A6F9A44}.Release|Any CPU.ActiveCfg = Release|Any CPU
		{6A2B7D4C-BE4E-4A6F-8089-E90D1A6F9A44}.Release|Any CPU.Build.0 = Release|Any CPU
		{1024A852-54F6-450C-92A4-1775F565D1D1}.Debug|Any CPU.ActiveCfg = Debug|Any CPU
		{1024A852-54F6-450C-92A4-1775F565D1D1}.Debug|Any CPU.Build.0 = Debug|Any CPU
		{1024A852-54F6-450C-92A4-1775F565D1D1}.Release|Any CPU.ActiveCfg = Release|Any CPU
		{1024A852-54F6-450C-92A4-1775F565D1D1}.Release|Any CPU.Build.0 = Release|Any CPU
		{9CAF530E-EBE3-4986-AF5F-AB738786433E}.Debug|Any CPU.ActiveCfg = Debug|Any CPU
		{9CAF530E-EBE3-4986-AF5F-AB738786433E}.Debug|Any CPU.Build.0 = Debug|Any CPU
		{9CAF530E-EBE3-4986-AF5F-AB738786433E}.Release|Any CPU.ActiveCfg = Release|Any CPU
		{9CAF530E-EBE3-4986-AF5F-AB738786433E}.Release|Any CPU.Build.0 = Release|Any CPU
		{B5FF2533-8227-4E4B-BF1F-804239C59AFA}.Debug|Any CPU.ActiveCfg = Debug|Any CPU
		{B5FF2533-8227-4E4B-BF1F-804239C59AFA}.Debug|Any CPU.Build.0 = Debug|Any CPU
		{B5FF2533-8227-4E4B-BF1F-804239C59AFA}.Release|Any CPU.ActiveCfg = Release|Any CPU
		{B5FF2533-8227-4E4B-BF1F-804239C59AFA}.Release|Any CPU.Build.0 = Release|Any CPU
		{FCE15D49-8066-446E-99BC-5A373D6A347F}.Debug|Any CPU.ActiveCfg = Debug|Any CPU
		{FCE15D49-8066-446E-99BC-5A373D6A347F}.Debug|Any CPU.Build.0 = Debug|Any CPU
		{FCE15D49-8066-446E-99BC-5A373D6A347F}.Release|Any CPU.ActiveCfg = Release|Any CPU
		{FCE15D49-8066-446E-99BC-5A373D6A347F}.Release|Any CPU.Build.0 = Release|Any CPU
		{1459A8AE-082A-4856-9AA9-DA7967139A65}.Debug|Any CPU.ActiveCfg = Debug|Any CPU
		{1459A8AE-082A-4856-9AA9-DA7967139A65}.Debug|Any CPU.Build.0 = Debug|Any CPU
		{1459A8AE-082A-4856-9AA9-DA7967139A65}.Release|Any CPU.ActiveCfg = Release|Any CPU
		{1459A8AE-082A-4856-9AA9-DA7967139A65}.Release|Any CPU.Build.0 = Release|Any CPU
		{FAF3C555-575B-4010-9680-2E4DAAEF6586}.Debug|Any CPU.ActiveCfg = Debug|Any CPU
		{FAF3C555-575B-4010-9680-2E4DAAEF6586}.Debug|Any CPU.Build.0 = Debug|Any CPU
		{FAF3C555-575B-4010-9680-2E4DAAEF6586}.Release|Any CPU.ActiveCfg = Release|Any CPU
		{FAF3C555-575B-4010-9680-2E4DAAEF6586}.Release|Any CPU.Build.0 = Release|Any CPU
	EndGlobalSection
	GlobalSection(SolutionProperties) = preSolution
		HideSolutionNode = FALSE
	EndGlobalSection
	GlobalSection(ExtensibilityGlobals) = postSolution
		SolutionGuid = {8B88B9D4-8D6E-415D-BCE1-3D4A90D96623}
	EndGlobalSection
EndGlobal
